
Microsoft Visual Studio Solution File, Format Version 12.00
# Visual Studio Version 17
VisualStudioVersion = 17.5.002.0
MinimumVisualStudioVersion = 10.0.40219.1
Project("{9A19103F-16F7-4668-BE54-9A1E7A4F7556}") = "dz04", "dz04\dz04.csproj", "{83921B0F-C6FA-4907-8036-0BA1F7AE7E29}"
EndProject
Project("{9A19103F-16F7-4668-BE54-9A1E7A4F7556}") = "dz_1", "dz_1\dz_1.csproj", "{E1323AB3-E521-41A6-96A9-9252F22742AF}"
EndProject
Project("{9A19103F-16F7-4668-BE54-9A1E7A4F7556}") = "dz_2", "dz_2\dz_2.csproj", "{A9E21E3C-CEBA-472D-969A-F58FEE41B9F0}"
EndProject
Project("{9A19103F-16F7-4668-BE54-9A1E7A4F7556}") = "dz_3", "dz_3\dz_3.csproj", "{3F4FBAAE-157A-485D-901B-C1969F63122F}"
EndProject
Project("{9A19103F-16F7-4668-BE54-9A1E7A4F7556}") = "examble011_ArrayLibrary", "examble011_ArrayLibrary\examble011_ArrayLibrary.csproj", "{804016DF-F6E5-4962-AA29-389C726D7D15}"
EndProject
Project("{9A19103F-16F7-4668-BE54-9A1E7A4F7556}") = "examble012_Methods", "examble012_Methods\examble012_Methods.csproj", "{8534C1ED-7EC1-48AF-B525-11468ED69764}"
EndProject
Project("{9A19103F-16F7-4668-BE54-9A1E7A4F7556}") = "examble015_RecursionAlgorithm", "examble015_RecursionAlgorithm\examble015_RecursionAlgorithm.csproj", "{62B2F78E-552E-4BFC-8E8E-AA9CDEC29FEA}"
EndProject
Project("{9A19103F-16F7-4668-BE54-9A1E7A4F7556}") = "example001_HelloConsole", "example001_HelloConsole\example001_HelloConsole.csproj", "{5ED7D500-AE82-4C4D-BDBE-F404D8E42A7A}"
EndProject
Project("{9A19103F-16F7-4668-BE54-9A1E7A4F7556}") = "example002_HelloUser", "example002_HelloUser\example002_HelloUser.csproj", "{B270B140-1655-4244-81F3-36DA2EA75C0F}"
EndProject
Project("{9A19103F-16F7-4668-BE54-9A1E7A4F7556}") = "example003_Sum", "example003_Sum\example003_Sum.csproj", "{9EC90614-236C-40CA-B257-40C4BA5A2662}"
EndProject
Project("{9A19103F-16F7-4668-BE54-9A1E7A4F7556}") = "example004_Div", "example004_Div\example004_Div.csproj", "{5AA57464-EE60-43E0-8550-95E3DF7923D1}"
EndProject
Project("{9A19103F-16F7-4668-BE54-9A1E7A4F7556}") = "example004_ConditionIfElif", "example005_ConditionIfElse\example004_ConditionIfElif.csproj", "{F882CE1D-315F-4ECB-A89E-9A5FBAC38D29}"
EndProject
Project("{9A19103F-16F7-4668-BE54-9A1E7A4F7556}") = "example006_Base", "example006_Base\example006_Base.csproj", "{CC15BF1B-9E55-40BD-9EC7-BDB0996AA4A3}"
EndProject
Project("{9A19103F-16F7-4668-BE54-9A1E7A4F7556}") = "example007_Magic", "example007_Magic\example007_Magic.csproj", "{82B855BB-A56F-4715-9B42-425881558977}"
EndProject
Project("{9A19103F-16F7-4668-BE54-9A1E7A4F7556}") = "example008_IntroMethod", "example008_IntroMethod\example008_IntroMethod.csproj", "{8E61B544-63B9-444F-B329-BF6B7EE1A8A8}"
EndProject
Project("{9A19103F-16F7-4668-BE54-9A1E7A4F7556}") = "example009_IntroArray", "example009_IntroArray\example009_IntroArray.csproj", "{8F27E284-BBDE-4523-86E6-FDB68AF794D8}"
EndProject
Project("{9A19103F-16F7-4668-BE54-9A1E7A4F7556}") = "example010_MethodArray", "example010_MethodArray\example010_MethodArray.csproj", "{1046BB1D-9237-4048-AA42-F566D286959C}"
EndProject
Project("{9A19103F-16F7-4668-BE54-9A1E7A4F7556}") = "Method", "Method\Method.csproj", "{91A67B3F-2E9B-4ED2-B594-8AE979158126}"
EndProject
Project("{9A19103F-16F7-4668-BE54-9A1E7A4F7556}") = "Task0", "Task0\Task0.csproj", "{EAD99C1F-542E-42AC-AF36-10DDB69AA9FE}"
EndProject
Project("{9A19103F-16F7-4668-BE54-9A1E7A4F7556}") = "Task1", "Task1\Task1.csproj", "{E3F45CCD-8474-4868-AFFA-B552302F1FBC}"
EndProject
Project("{9A19103F-16F7-4668-BE54-9A1E7A4F7556}") = "Task10", "Task10\Task10.csproj", "{6A74FFF0-9696-469A-9237-F36F8D2585F5}"
EndProject
Project("{9A19103F-16F7-4668-BE54-9A1E7A4F7556}") = "Task11", "Task11\Task11.csproj", "{B879D85E-4D4F-4856-92C9-88BCE90B0A33}"
EndProject
Project("{9A19103F-16F7-4668-BE54-9A1E7A4F7556}") = "Task12", "Task12\Task12.csproj", "{FEBA1A5C-D682-46E9-A89D-EE44B442E79F}"
EndProject
Project("{9A19103F-16F7-4668-BE54-9A1E7A4F7556}") = "Task13", "Task13\Task13.csproj", "{83879DBE-3F4C-4BA3-AE7E-F43F23FA38A9}"
EndProject
Project("{9A19103F-16F7-4668-BE54-9A1E7A4F7556}") = "dz03", "Task14\dz03.csproj", "{786A3B7C-94FC-4854-91FC-7A08F3075E84}"
EndProject
Project("{9A19103F-16F7-4668-BE54-9A1E7A4F7556}") = "Task15", "Task15\Task15.csproj", "{2FCBBE45-D1B8-421F-B2CC-733AFF2D5C80}"
EndProject
Project("{9A19103F-16F7-4668-BE54-9A1E7A4F7556}") = "Task2", "Task2\Task2.csproj", "{CB6B759B-052E-4060-96EB-23E84529FA43}"
EndProject
Project("{9A19103F-16F7-4668-BE54-9A1E7A4F7556}") = "Task3", "Task3\Task3.csproj", "{FC26AEEF-EA06-4B61-998D-1E0E097B2DA6}"
EndProject
Project("{9A19103F-16F7-4668-BE54-9A1E7A4F7556}") = "Task4", "Task4\Task4.csproj", "{050EA726-FDFA-4361-89CC-132B0781B987}"
EndProject
Project("{9A19103F-16F7-4668-BE54-9A1E7A4F7556}") = "Task5", "Task5\Task5.csproj", "{7232F98F-CE01-4532-BFBF-D9576E8656DF}"
EndProject
Project("{9A19103F-16F7-4668-BE54-9A1E7A4F7556}") = "Task6", "Task6\Task6.csproj", "{D29C31A2-BFEB-4521-91ED-3291BD881A3A}"
EndProject
Project("{9A19103F-16F7-4668-BE54-9A1E7A4F7556}") = "Task7", "Task7\Task7.csproj", "{F3018BCA-01E2-43E6-8C36-4FBD029DC527}"
EndProject
Project("{9A19103F-16F7-4668-BE54-9A1E7A4F7556}") = "Task8", "Task8\Task8.csproj", "{6C7A308C-F7DF-4E72-B476-10C70C02AB53}"
EndProject
Project("{9A19103F-16F7-4668-BE54-9A1E7A4F7556}") = "Task9", "Task9\Task9.csproj", "{50A07979-0847-4E15-A082-E9C5411A385C}"
EndProject
Global
	GlobalSection(SolutionConfigurationPlatforms) = preSolution
		Debug|Any CPU = Debug|Any CPU
		Release|Any CPU = Release|Any CPU
	EndGlobalSection
	GlobalSection(ProjectConfigurationPlatforms) = postSolution
		{83921B0F-C6FA-4907-8036-0BA1F7AE7E29}.Debug|Any CPU.ActiveCfg = Debug|Any CPU
		{83921B0F-C6FA-4907-8036-0BA1F7AE7E29}.Debug|Any CPU.Build.0 = Debug|Any CPU
		{83921B0F-C6FA-4907-8036-0BA1F7AE7E29}.Release|Any CPU.ActiveCfg = Release|Any CPU
		{83921B0F-C6FA-4907-8036-0BA1F7AE7E29}.Release|Any CPU.Build.0 = Release|Any CPU
		{E1323AB3-E521-41A6-96A9-9252F22742AF}.Debug|Any CPU.ActiveCfg = Debug|Any CPU
		{E1323AB3-E521-41A6-96A9-9252F22742AF}.Debug|Any CPU.Build.0 = Debug|Any CPU
		{E1323AB3-E521-41A6-96A9-9252F22742AF}.Release|Any CPU.ActiveCfg = Release|Any CPU
		{E1323AB3-E521-41A6-96A9-9252F22742AF}.Release|Any CPU.Build.0 = Release|Any CPU
		{A9E21E3C-CEBA-472D-969A-F58FEE41B9F0}.Debug|Any CPU.ActiveCfg = Debug|Any CPU
		{A9E21E3C-CEBA-472D-969A-F58FEE41B9F0}.Debug|Any CPU.Build.0 = Debug|Any CPU
		{A9E21E3C-CEBA-472D-969A-F58FEE41B9F0}.Release|Any CPU.ActiveCfg = Release|Any CPU
		{A9E21E3C-CEBA-472D-969A-F58FEE41B9F0}.Release|Any CPU.Build.0 = Release|Any CPU
		{3F4FBAAE-157A-485D-901B-C1969F63122F}.Debug|Any CPU.ActiveCfg = Debug|Any CPU
		{3F4FBAAE-157A-485D-901B-C1969F63122F}.Debug|Any CPU.Build.0 = Debug|Any CPU
		{3F4FBAAE-157A-485D-901B-C1969F63122F}.Release|Any CPU.ActiveCfg = Release|Any CPU
		{3F4FBAAE-157A-485D-901B-C1969F63122F}.Release|Any CPU.Build.0 = Release|Any CPU
		{804016DF-F6E5-4962-AA29-389C726D7D15}.Debug|Any CPU.ActiveCfg = Debug|Any CPU
		{804016DF-F6E5-4962-AA29-389C726D7D15}.Debug|Any CPU.Build.0 = Debug|Any CPU
		{804016DF-F6E5-4962-AA29-389C726D7D15}.Release|Any CPU.ActiveCfg = Release|Any CPU
		{804016DF-F6E5-4962-AA29-389C726D7D15}.Release|Any CPU.Build.0 = Release|Any CPU
		{8534C1ED-7EC1-48AF-B525-11468ED69764}.Debug|Any CPU.ActiveCfg = Debug|Any CPU
		{8534C1ED-7EC1-48AF-B525-11468ED69764}.Debug|Any CPU.Build.0 = Debug|Any CPU
		{8534C1ED-7EC1-48AF-B525-11468ED69764}.Release|Any CPU.ActiveCfg = Release|Any CPU
		{8534C1ED-7EC1-48AF-B525-11468ED69764}.Release|Any CPU.Build.0 = Release|Any CPU
		{62B2F78E-552E-4BFC-8E8E-AA9CDEC29FEA}.Debug|Any CPU.ActiveCfg = Debug|Any CPU
		{62B2F78E-552E-4BFC-8E8E-AA9CDEC29FEA}.Debug|Any CPU.Build.0 = Debug|Any CPU
		{62B2F78E-552E-4BFC-8E8E-AA9CDEC29FEA}.Release|Any CPU.ActiveCfg = Release|Any CPU
		{62B2F78E-552E-4BFC-8E8E-AA9CDEC29FEA}.Release|Any CPU.Build.0 = Release|Any CPU
		{5ED7D500-AE82-4C4D-BDBE-F404D8E42A7A}.Debug|Any CPU.ActiveCfg = Debug|Any CPU
		{5ED7D500-AE82-4C4D-BDBE-F404D8E42A7A}.Debug|Any CPU.Build.0 = Debug|Any CPU
		{5ED7D500-AE82-4C4D-BDBE-F404D8E42A7A}.Release|Any CPU.ActiveCfg = Release|Any CPU
		{5ED7D500-AE82-4C4D-BDBE-F404D8E42A7A}.Release|Any CPU.Build.0 = Release|Any CPU
		{B270B140-1655-4244-81F3-36DA2EA75C0F}.Debug|Any CPU.ActiveCfg = Debug|Any CPU
		{B270B140-1655-4244-81F3-36DA2EA75C0F}.Debug|Any CPU.Build.0 = Debug|Any CPU
		{B270B140-1655-4244-81F3-36DA2EA75C0F}.Release|Any CPU.ActiveCfg = Release|Any CPU
		{B270B140-1655-4244-81F3-36DA2EA75C0F}.Release|Any CPU.Build.0 = Release|Any CPU
		{9EC90614-236C-40CA-B257-40C4BA5A2662}.Debug|Any CPU.ActiveCfg = Debug|Any CPU
		{9EC90614-236C-40CA-B257-40C4BA5A2662}.Debug|Any CPU.Build.0 = Debug|Any CPU
		{9EC90614-236C-40CA-B257-40C4BA5A2662}.Release|Any CPU.ActiveCfg = Release|Any CPU
		{9EC90614-236C-40CA-B257-40C4BA5A2662}.Release|Any CPU.Build.0 = Release|Any CPU
		{5AA57464-EE60-43E0-8550-95E3DF7923D1}.Debug|Any CPU.ActiveCfg = Debug|Any CPU
		{5AA57464-EE60-43E0-8550-95E3DF7923D1}.Debug|Any CPU.Build.0 = Debug|Any CPU
		{5AA57464-EE60-43E0-8550-95E3DF7923D1}.Release|Any CPU.ActiveCfg = Release|Any CPU
		{5AA57464-EE60-43E0-8550-95E3DF7923D1}.Release|Any CPU.Build.0 = Release|Any CPU
		{F882CE1D-315F-4ECB-A89E-9A5FBAC38D29}.Debug|Any CPU.ActiveCfg = Debug|Any CPU
		{F882CE1D-315F-4ECB-A89E-9A5FBAC38D29}.Debug|Any CPU.Build.0 = Debug|Any CPU
		{F882CE1D-315F-4ECB-A89E-9A5FBAC38D29}.Release|Any CPU.ActiveCfg = Release|Any CPU
		{F882CE1D-315F-4ECB-A89E-9A5FBAC38D29}.Release|Any CPU.Build.0 = Release|Any CPU
		{CC15BF1B-9E55-40BD-9EC7-BDB0996AA4A3}.Debug|Any CPU.ActiveCfg = Debug|Any CPU
		{CC15BF1B-9E55-40BD-9EC7-BDB0996AA4A3}.Debug|Any CPU.Build.0 = Debug|Any CPU
		{CC15BF1B-9E55-40BD-9EC7-BDB0996AA4A3}.Release|Any CPU.ActiveCfg = Release|Any CPU
		{CC15BF1B-9E55-40BD-9EC7-BDB0996AA4A3}.Release|Any CPU.Build.0 = Release|Any CPU
		{82B855BB-A56F-4715-9B42-425881558977}.Debug|Any CPU.ActiveCfg = Debug|Any CPU
		{82B855BB-A56F-4715-9B42-425881558977}.Debug|Any CPU.Build.0 = Debug|Any CPU
		{82B855BB-A56F-4715-9B42-425881558977}.Release|Any CPU.ActiveCfg = Release|Any CPU
		{82B855BB-A56F-4715-9B42-425881558977}.Release|Any CPU.Build.0 = Release|Any CPU
		{8E61B544-63B9-444F-B329-BF6B7EE1A8A8}.Debug|Any CPU.ActiveCfg = Debug|Any CPU
		{8E61B544-63B9-444F-B329-BF6B7EE1A8A8}.Debug|Any CPU.Build.0 = Debug|Any CPU
		{8E61B544-63B9-444F-B329-BF6B7EE1A8A8}.Release|Any CPU.ActiveCfg = Release|Any CPU
		{8E61B544-63B9-444F-B329-BF6B7EE1A8A8}.Release|Any CPU.Build.0 = Release|Any CPU
		{8F27E284-BBDE-4523-86E6-FDB68AF794D8}.Debug|Any CPU.ActiveCfg = Debug|Any CPU
		{8F27E284-BBDE-4523-86E6-FDB68AF794D8}.Debug|Any CPU.Build.0 = Debug|Any CPU
		{8F27E284-BBDE-4523-86E6-FDB68AF794D8}.Release|Any CPU.ActiveCfg = Release|Any CPU
		{8F27E284-BBDE-4523-86E6-FDB68AF794D8}.Release|Any CPU.Build.0 = Release|Any CPU
		{1046BB1D-9237-4048-AA42-F566D286959C}.Debug|Any CPU.ActiveCfg = Debug|Any CPU
		{1046BB1D-9237-4048-AA42-F566D286959C}.Debug|Any CPU.Build.0 = Debug|Any CPU
		{1046BB1D-9237-4048-AA42-F566D286959C}.Release|Any CPU.ActiveCfg = Release|Any CPU
		{1046BB1D-9237-4048-AA42-F566D286959C}.Release|Any CPU.Build.0 = Release|Any CPU
		{91A67B3F-2E9B-4ED2-B594-8AE979158126}.Debug|Any CPU.ActiveCfg = Debug|Any CPU
		{91A67B3F-2E9B-4ED2-B594-8AE979158126}.Debug|Any CPU.Build.0 = Debug|Any CPU
		{91A67B3F-2E9B-4ED2-B594-8AE979158126}.Release|Any CPU.ActiveCfg = Release|Any CPU
		{91A67B3F-2E9B-4ED2-B594-8AE979158126}.Release|Any CPU.Build.0 = Release|Any CPU
		{EAD99C1F-542E-42AC-AF36-10DDB69AA9FE}.Debug|Any CPU.ActiveCfg = Debug|Any CPU
		{EAD99C1F-542E-42AC-AF36-10DDB69AA9FE}.Debug|Any CPU.Build.0 = Debug|Any CPU
		{EAD99C1F-542E-42AC-AF36-10DDB69AA9FE}.Release|Any CPU.ActiveCfg = Release|Any CPU
		{EAD99C1F-542E-42AC-AF36-10DDB69AA9FE}.Release|Any CPU.Build.0 = Release|Any CPU
		{E3F45CCD-8474-4868-AFFA-B552302F1FBC}.Debug|Any CPU.ActiveCfg = Debug|Any CPU
		{E3F45CCD-8474-4868-AFFA-B552302F1FBC}.Debug|Any CPU.Build.0 = Debug|Any CPU
		{E3F45CCD-8474-4868-AFFA-B552302F1FBC}.Release|Any CPU.ActiveCfg = Release|Any CPU
		{E3F45CCD-8474-4868-AFFA-B552302F1FBC}.Release|Any CPU.Build.0 = Release|Any CPU
		{6A74FFF0-9696-469A-9237-F36F8D2585F5}.Debug|Any CPU.ActiveCfg = Debug|Any CPU
		{6A74FFF0-9696-469A-9237-F36F8D2585F5}.Debug|Any CPU.Build.0 = Debug|Any CPU
		{6A74FFF0-9696-469A-9237-F36F8D2585F5}.Release|Any CPU.ActiveCfg = Release|Any CPU
		{6A74FFF0-9696-469A-9237-F36F8D2585F5}.Release|Any CPU.Build.0 = Release|Any CPU
		{B879D85E-4D4F-4856-92C9-88BCE90B0A33}.Debug|Any CPU.ActiveCfg = Debug|Any CPU
		{B879D85E-4D4F-4856-92C9-88BCE90B0A33}.Debug|Any CPU.Build.0 = Debug|Any CPU
		{B879D85E-4D4F-4856-92C9-88BCE90B0A33}.Release|Any CPU.ActiveCfg = Release|Any CPU
		{B879D85E-4D4F-4856-92C9-88BCE90B0A33}.Release|Any CPU.Build.0 = Release|Any CPU
		{FEBA1A5C-D682-46E9-A89D-EE44B442E79F}.Debug|Any CPU.ActiveCfg = Debug|Any CPU
		{FEBA1A5C-D682-46E9-A89D-EE44B442E79F}.Debug|Any CPU.Build.0 = Debug|Any CPU
		{FEBA1A5C-D682-46E9-A89D-EE44B442E79F}.Release|Any CPU.ActiveCfg = Release|Any CPU
		{FEBA1A5C-D682-46E9-A89D-EE44B442E79F}.Release|Any CPU.Build.0 = Release|Any CPU
		{83879DBE-3F4C-4BA3-AE7E-F43F23FA38A9}.Debug|Any CPU.ActiveCfg = Debug|Any CPU
		{83879DBE-3F4C-4BA3-AE7E-F43F23FA38A9}.Debug|Any CPU.Build.0 = Debug|Any CPU
		{83879DBE-3F4C-4BA3-AE7E-F43F23FA38A9}.Release|Any CPU.ActiveCfg = Release|Any CPU
		{83879DBE-3F4C-4BA3-AE7E-F43F23FA38A9}.Release|Any CPU.Build.0 = Release|Any CPU
		{786A3B7C-94FC-4854-91FC-7A08F3075E84}.Debug|Any CPU.ActiveCfg = Debug|Any CPU
		{786A3B7C-94FC-4854-91FC-7A08F3075E84}.Debug|Any CPU.Build.0 = Debug|Any CPU
		{786A3B7C-94FC-4854-91FC-7A08F3075E84}.Release|Any CPU.ActiveCfg = Release|Any CPU
		{786A3B7C-94FC-4854-91FC-7A08F3075E84}.Release|Any CPU.Build.0 = Release|Any CPU
		{2FCBBE45-D1B8-421F-B2CC-733AFF2D5C80}.Debug|Any CPU.ActiveCfg = Debug|Any CPU
		{2FCBBE45-D1B8-421F-B2CC-733AFF2D5C80}.Debug|Any CPU.Build.0 = Debug|Any CPU
		{2FCBBE45-D1B8-421F-B2CC-733AFF2D5C80}.Release|Any CPU.ActiveCfg = Release|Any CPU
		{2FCBBE45-D1B8-421F-B2CC-733AFF2D5C80}.Release|Any CPU.Build.0 = Release|Any CPU
		{CB6B759B-052E-4060-96EB-23E84529FA43}.Debug|Any CPU.ActiveCfg = Debug|Any CPU
		{CB6B759B-052E-4060-96EB-23E84529FA43}.Debug|Any CPU.Build.0 = Debug|Any CPU
		{CB6B759B-052E-4060-96EB-23E84529FA43}.Release|Any CPU.ActiveCfg = Release|Any CPU
		{CB6B759B-052E-4060-96EB-23E84529FA43}.Release|Any CPU.Build.0 = Release|Any CPU
		{FC26AEEF-EA06-4B61-998D-1E0E097B2DA6}.Debug|Any CPU.ActiveCfg = Debug|Any CPU
		{FC26AEEF-EA06-4B61-998D-1E0E097B2DA6}.Debug|Any CPU.Build.0 = Debug|Any CPU
		{FC26AEEF-EA06-4B61-998D-1E0E097B2DA6}.Release|Any CPU.ActiveCfg = Release|Any CPU
		{FC26AEEF-EA06-4B61-998D-1E0E097B2DA6}.Release|Any CPU.Build.0 = Release|Any CPU
		{050EA726-FDFA-4361-89CC-132B0781B987}.Debug|Any CPU.ActiveCfg = Debug|Any CPU
		{050EA726-FDFA-4361-89CC-132B0781B987}.Debug|Any CPU.Build.0 = Debug|Any CPU
		{050EA726-FDFA-4361-89CC-132B0781B987}.Release|Any CPU.ActiveCfg = Release|Any CPU
		{050EA726-FDFA-4361-89CC-132B0781B987}.Release|Any CPU.Build.0 = Release|Any CPU
		{7232F98F-CE01-4532-BFBF-D9576E8656DF}.Debug|Any CPU.ActiveCfg = Debug|Any CPU
		{7232F98F-CE01-4532-BFBF-D9576E8656DF}.Debug|Any CPU.Build.0 = Debug|Any CPU
		{7232F98F-CE01-4532-BFBF-D9576E8656DF}.Release|Any CPU.ActiveCfg = Release|Any CPU
		{7232F98F-CE01-4532-BFBF-D9576E8656DF}.Release|Any CPU.Build.0 = Release|Any CPU
		{D29C31A2-BFEB-4521-91ED-3291BD881A3A}.Debug|Any CPU.ActiveCfg = Debug|Any CPU
		{D29C31A2-BFEB-4521-91ED-3291BD881A3A}.Debug|Any CPU.Build.0 = Debug|Any CPU
		{D29C31A2-BFEB-4521-91ED-3291BD881A3A}.Release|Any CPU.ActiveCfg = Release|Any CPU
		{D29C31A2-BFEB-4521-91ED-3291BD881A3A}.Release|Any CPU.Build.0 = Release|Any CPU
		{F3018BCA-01E2-43E6-8C36-4FBD029DC527}.Debug|Any CPU.ActiveCfg = Debug|Any CPU
		{F3018BCA-01E2-43E6-8C36-4FBD029DC527}.Debug|Any CPU.Build.0 = Debug|Any CPU
		{F3018BCA-01E2-43E6-8C36-4FBD029DC527}.Release|Any CPU.ActiveCfg = Release|Any CPU
		{F3018BCA-01E2-43E6-8C36-4FBD029DC527}.Release|Any CPU.Build.0 = Release|Any CPU
		{6C7A308C-F7DF-4E72-B476-10C70C02AB53}.Debug|Any CPU.ActiveCfg = Debug|Any CPU
		{6C7A308C-F7DF-4E72-B476-10C70C02AB53}.Debug|Any CPU.Build.0 = Debug|Any CPU
		{6C7A308C-F7DF-4E72-B476-10C70C02AB53}.Release|Any CPU.ActiveCfg = Release|Any CPU
		{6C7A308C-F7DF-4E72-B476-10C70C02AB53}.Release|Any CPU.Build.0 = Release|Any CPU
		{50A07979-0847-4E15-A082-E9C5411A385C}.Debug|Any CPU.ActiveCfg = Debug|Any CPU
		{50A07979-0847-4E15-A082-E9C5411A385C}.Debug|Any CPU.Build.0 = Debug|Any CPU
		{50A07979-0847-4E15-A082-E9C5411A385C}.Release|Any CPU.ActiveCfg = Release|Any CPU
		{50A07979-0847-4E15-A082-E9C5411A385C}.Release|Any CPU.Build.0 = Release|Any CPU
	EndGlobalSection
	GlobalSection(SolutionProperties) = preSolution
		HideSolutionNode = FALSE
	EndGlobalSection
	GlobalSection(ExtensibilityGlobals) = postSolution
		SolutionGuid = {AF51AF62-4CF2-426F-88D9-B7A2F550D27E}
	EndGlobalSection
EndGlobal
